hash: d8875aa0aed0bcb6973136dab8ffbd871e74fb0f4dc347124699a7f71dae5e2b
updated: 2016-06-15T20:29:51.254408759+02:00
imports:
- name: github.com/dustin/go-humanize
  version: 499693e27ee0d14ffab67c31ad065fdb3d34ea75
- name: github.com/jhoonb/archivex
  version: 333107c714224dd425951d488a51a03a42592fd8
- name: github.com/urfave/cli
  version: 01857ac33766ce0c93856370626f9799281c14f4
devImports: []
